<?xml version="1.0" encoding="utf-8"?>
<Project ToolsVersion="4.0" xmlns="http://schemas.microsoft.com/developer/msbuild/2003">
  <ItemGroup>
    <Filter Include="Game">
      <UniqueIdentifier>{ea38f462-0008-47c5-a4e7-9c1d6730c9f1}</UniqueIdentifier>
      <Extensions>cpp;c;cxx;rc;def;r;odl;idl;hpj;bat</Extensions>
    </Filter>
    <Filter Include="Game\weapons &amp; projectiles">
      <UniqueIdentifier>{7eb075fb-457c-444a-a1ba-fc740b90f37b}</UniqueIdentifier>
    </Filter>
    <Filter Include="Game\weapons &amp; projectiles\weapons">
      <UniqueIdentifier>{53ce334c-6b0a-4732-a00b-f9acbc8052d6}</UniqueIdentifier>
    </Filter>
    <Filter Include="Game\weapons &amp; projectiles\projectiles">
      <UniqueIdentifier>{0dc9a032-7268-405e-b90a-2485d6191f81}</UniqueIdentifier>
    </Filter>
    <Filter Include="Game\Base entity classes">
      <UniqueIdentifier>{866baab8-ec66-4829-8b61-2b8ea93d44f2}</UniqueIdentifier>
    </Filter>
    <Filter Include="Game\Script related">
      <UniqueIdentifier>{e0fddaea-c1c7-41aa-bfa4-f1a8334b61eb}</UniqueIdentifier>
    </Filter>
    <Filter Include="Game\Script related\general">
      <UniqueIdentifier>{2a7194a6-f1cd-41b6-a050-7f983e199e06}</UniqueIdentifier>
    </Filter>
    <Filter Include="Game\Script related\lua headers">
      <UniqueIdentifier>{c95c6f26-22ea-405c-b23a-d85365997e8d}</UniqueIdentifier>
    </Filter>
    <Filter Include="Game\misc">
      <UniqueIdentifier>{1c44394f-fe31-4994-8750-3fceec0b9ece}</UniqueIdentifier>
    </Filter>
    <Filter Include="Resource Files">
      <UniqueIdentifier>{aa1fc87e-a1b2-453f-8627-b0cb06d5142c}</UniqueIdentifier>
    </Filter>
    <Filter Include="Resource Files\maps">
      <UniqueIdentifier>{58e7f289-7bd3-43ef-9a09-f64077707bcc}</UniqueIdentifier>
    </Filter>
    <Filter Include="AI">
      <UniqueIdentifier>{f7ef4d53-ab76-4348-9713-9db85678588f}</UniqueIdentifier>
    </Filter>
    <Filter Include="AI\goals">
      <UniqueIdentifier>{53f058d0-5c31-43c9-b911-c96243fb4825}</UniqueIdentifier>
    </Filter>
    <Filter Include="AI\goals\composite">
      <UniqueIdentifier>{5abbaf2d-8905-4ef5-a147-b6b9c8ee588f}</UniqueIdentifier>
    </Filter>
    <Filter Include="AI\goals\goal evaluation">
      <UniqueIdentifier>{d8a75bfb-ac1e-4b0b-a843-828a851a936a}</UniqueIdentifier>
    </Filter>
    <Filter Include="AI\goals\atomic">
      <UniqueIdentifier>{f279d1ab-52f0-49ce-84a5-19d4336ede81}</UniqueIdentifier>
    </Filter>
    <Filter Include="AI\fuzzy logic">
      <UniqueIdentifier>{6edaf6fb-153f-459c-ae4d-e726ecb9a54d}</UniqueIdentifier>
    </Filter>
    <Filter Include="AI\fuzzy logic\fuzzy set types">
      <UniqueIdentifier>{c0f17a4b-2f68-4e8c-b5c3-8d7ea9658974}</UniqueIdentifier>
    </Filter>
    <Filter Include="AI\Movement &amp; Navigation">
      <UniqueIdentifier>{133b5ec7-e507-405f-bfd9-80dc9a6307d4}</UniqueIdentifier>
    </Filter>
    <Filter Include="AI\Messaging">
      <UniqueIdentifier>{4b15cbbe-f292-44b9-a12d-71837e50eba7}</UniqueIdentifier>
    </Filter>
    <Filter Include="AI\Sensory Memory">
      <UniqueIdentifier>{f4072f23-7438-4b08-9942-091bb185a932}</UniqueIdentifier>
    </Filter>
    <Filter Include="AI\Triggers">
      <UniqueIdentifier>{102290ea-195e-4665-a764-6323c16f93a0}</UniqueIdentifier>
    </Filter>
    <Filter Include="AI\Weapon Handling">
      <UniqueIdentifier>{7a04fc8c-8a54-4d54-900e-0ef4a9fb0567}</UniqueIdentifier>
    </Filter>
    <Filter Include="AI\Target Selection">
      <UniqueIdentifier>{25fe48d8-bb07-4ace-9b53-fdca476c3372}</UniqueIdentifier>
    </Filter>
    <Filter Include="Common">
      <UniqueIdentifier>{ce292497-a5fb-4d13-9921-d78cd0a93b3c}</UniqueIdentifier>
    </Filter>
  </ItemGroup>
  <ItemGroup>
    <ClCompile Include="armory\Raven_Weapon.cpp">
      <Filter>Game\weapons &amp; projectiles\weapons</Filter>
    </ClCompile>
    <ClCompile Include="armory\Weapon_Blaster.cpp">
      <Filter>Game\weapons &amp; projectiles\weapons</Filter>
    </ClCompile>
    <ClCompile Include="armory\Weapon_RailGun.cpp">
      <Filter>Game\weapons &amp; projectiles\weapons</Filter>
    </ClCompile>
    <ClCompile Include="armory\Weapon_RocketLauncher.cpp">
      <Filter>Game\weapons &amp; projectiles\weapons</Filter>
    </ClCompile>
    <ClCompile Include="armory\Weapon_ShotGun.cpp">
      <Filter>Game\weapons &amp; projectiles\weapons</Filter>
    </ClCompile>
    <ClCompile Include="armory\Projectile_Bolt.cpp">
      <Filter>Game\weapons &amp; projectiles\projectiles</Filter>
    </ClCompile>
    <ClCompile Include="armory\Projectile_Pellet.cpp">
      <Filter>Game\weapons &amp; projectiles\projectiles</Filter>
    </ClCompile>
    <ClCompile Include="armory\Projectile_Rocket.cpp">
      <Filter>Game\weapons &amp; projectiles\projectiles</Filter>
    </ClCompile>
    <ClCompile Include="armory\Projectile_Slug.cpp">
      <Filter>Game\weapons &amp; projectiles\projectiles</Filter>
    </ClCompile>
    <ClCompile Include="armory\Raven_Projectile.cpp">
      <Filter>Game\weapons &amp; projectiles\projectiles</Filter>
    </ClCompile>
    <ClCompile Include="..\Common\Game\BaseGameEntity.cpp">
      <Filter>Game\Base entity classes</Filter>
    </ClCompile>
    <ClCompile Include="lua\Raven_Scriptor.cpp">
      <Filter>Game\Script related\general</Filter>
    </ClCompile>
    <ClCompile Include="..\Common\Game\EntityManager.cpp">
      <Filter>Game\misc</Filter>
    </ClCompile>
    <ClCompile Include="GraveMarkers.cpp">
      <Filter>Game\misc</Filter>
    </ClCompile>
    <ClCompile Include="Raven_Door.cpp">
      <Filter>Game\misc</Filter>
    </ClCompile>
    <ClCompile Include="Raven_UserOptions.cpp">
      <Filter>Game\misc</Filter>
    </ClCompile>
    <ClCompile Include="main.cpp">
      <Filter>Game</Filter>
    </ClCompile>
    <ClCompile Include="Raven_Bot.cpp">
      <Filter>Game</Filter>
    </ClCompile>
    <ClCompile Include="Raven_Game.cpp">
      <Filter>Game</Filter>
    </ClCompile>
    <ClCompile Include="Raven_Map.cpp">
      <Filter>Game</Filter>
    </ClCompile>
    <ClCompile Include="goals\Goal_AdjustRange.cpp">
      <Filter>AI\goals\composite</Filter>
    </ClCompile>
    <ClCompile Include="goals\Goal_AttackTarget.cpp">
      <Filter>AI\goals\composite</Filter>
    </ClCompile>
    <ClCompile Include="goals\Goal_Explore.cpp">
      <Filter>AI\goals\composite</Filter>
    </ClCompile>
    <ClCompile Include="goals\Goal_FollowPath.cpp">
      <Filter>AI\goals\composite</Filter>
    </ClCompile>
    <ClCompile Include="goals\Goal_GetItem.cpp">
      <Filter>AI\goals\composite</Filter>
    </ClCompile>
    <ClCompile Include="goals\Goal_HuntTarget.cpp">
      <Filter>AI\goals\composite</Filter>
    </ClCompile>
    <ClCompile Include="goals\Goal_MoveToPosition.cpp">
      <Filter>AI\goals\composite</Filter>
    </ClCompile>
    <ClCompile Include="goals\Goal_NegotiateDoor.cpp">
      <Filter>AI\goals\composite</Filter>
    </ClCompile>
    <ClCompile Include="goals\Goal_Think.cpp">
      <Filter>AI\goals\composite</Filter>
    </ClCompile>
    <ClCompile Include="goals\AttackTargetGoal_Evaluator.cpp">
      <Filter>AI\goals\goal evaluation</Filter>
    </ClCompile>
    <ClCompile Include="goals\ExploreGoal_Evaluator.cpp">
      <Filter>AI\goals\goal evaluation</Filter>
    </ClCompile>
    <ClCompile Include="goals\GetHealthGoal_Evaluator.cpp">
      <Filter>AI\goals\goal evaluation</Filter>
    </ClCompile>
    <ClCompile Include="goals\GetWeaponGoal_Evaluator.cpp">
      <Filter>AI\goals\goal evaluation</Filter>
    </ClCompile>
    <ClCompile Include="goals\Raven_Feature.cpp">
      <Filter>AI\goals\goal evaluation</Filter>
    </ClCompile>
    <ClCompile Include="goals\Goal_DodgeSideToSide.cpp">
      <Filter>AI\goals\atomic</Filter>
    </ClCompile>
    <ClCompile Include="goals\Goal_SayPhrase.cpp">
      <Filter>AI\goals\atomic</Filter>
    </ClCompile>
    <ClCompile Include="goals\Goal_SeekToPosition.cpp">
      <Filter>AI\goals\atomic</Filter>
    </ClCompile>
    <ClCompile Include="goals\Goal_TraverseEdge.cpp">
      <Filter>AI\goals\atomic</Filter>
    </ClCompile>
    <ClCompile Include="goals\Goal_Wander.cpp">
      <Filter>AI\goals\atomic</Filter>
    </ClCompile>
    <ClCompile Include="goals\Raven_Goal_Types.cpp">
      <Filter>AI\goals</Filter>
    </ClCompile>
    <ClCompile Include="..\Common\fuzzy\FuzzySet_LeftShoulder.cpp">
      <Filter>AI\fuzzy logic\fuzzy set types</Filter>
    </ClCompile>
    <ClCompile Include="..\Common\fuzzy\FuzzySet_RightShoulder.cpp">
      <Filter>AI\fuzzy logic\fuzzy set types</Filter>
    </ClCompile>
    <ClCompile Include="..\Common\fuzzy\FuzzySet_Singleton.cpp">
      <Filter>AI\fuzzy logic\fuzzy set types</Filter>
    </ClCompile>
    <ClCompile Include="..\Common\fuzzy\FuzzySet_Triangle.cpp">
      <Filter>AI\fuzzy logic\fuzzy set types</Filter>
    </ClCompile>
    <ClCompile Include="..\Common\fuzzy\FuzzyModule.cpp">
      <Filter>AI\fuzzy logic</Filter>
    </ClCompile>
    <ClCompile Include="..\Common\fuzzy\FuzzyOperators.cpp">
      <Filter>AI\fuzzy logic</Filter>
    </ClCompile>
    <ClCompile Include="..\Common\fuzzy\FuzzyVariable.cpp">
      <Filter>AI\fuzzy logic</Filter>
    </ClCompile>
    <ClCompile Include="navigation\Raven_PathPlanner.cpp">
      <Filter>AI\Movement &amp; Navigation</Filter>
    </ClCompile>
    <ClCompile Include="Raven_SteeringBehaviors.cpp">
      <Filter>AI\Movement &amp; Navigation</Filter>
    </ClCompile>
    <ClCompile Include="..\Common\Messaging\MessageDispatcher.cpp">
      <Filter>AI\Messaging</Filter>
    </ClCompile>
    <ClCompile Include="Raven_SensoryMemory.cpp">
      <Filter>AI\Sensory Memory</Filter>
    </ClCompile>
    <ClCompile Include="triggers\Trigger_HealthGiver.cpp">
      <Filter>AI\Triggers</Filter>
    </ClCompile>
    <ClCompile Include="triggers\Trigger_SoundNotify.cpp">
      <Filter>AI\Triggers</Filter>
    </ClCompile>
    <ClCompile Include="triggers\Trigger_WeaponGiver.cpp">
      <Filter>AI\Triggers</Filter>
    </ClCompile>
    <ClCompile Include="Raven_WeaponSystem.cpp">
      <Filter>AI\Weapon Handling</Filter>
    </ClCompile>
    <ClCompile Include="Raven_TargetingSystem.cpp">
      <Filter>AI\Target Selection</Filter>
    </ClCompile>
    <ClCompile Include="..\Common\misc\Cgdi.cpp">
      <Filter>Common</Filter>
    </ClCompile>
    <ClCompile Include="..\Common\Time\CrudeTimer.cpp">
      <Filter>Common</Filter>
    </ClCompile>
    <ClCompile Include="..\Common\Debug\DebugConsole.cpp">
      <Filter>Common</Filter>
    </ClCompile>
    <ClCompile Include="..\Common\misc\FrameCounter.cpp">
      <Filter>Common</Filter>
    </ClCompile>
    <ClCompile Include="..\Common\Time\PrecisionTimer.cpp">
      <Filter>Common</Filter>
    </ClCompile>
    <ClCompile Include="..\Common\2D\Vector2d.cpp">
      <Filter>Common</Filter>
    </ClCompile>
    <ClCompile Include="..\Common\misc\WindowUtils.cpp">
      <Filter>Common</Filter>
    </ClCompile>
    <ClCompile Include="Raven_Learning_Bot.cpp">
      <Filter>Game</Filter>
    </ClCompile>
    <ClCompile Include="navigation\Raven_ReinforcementPathPlanner.cpp">
      <Filter>AI\Movement &amp; Navigation</Filter>
    </ClCompile>
    <ClCompile Include="ReinforcementLearning.cpp">
      <Filter>Game</Filter>
    </ClCompile>
  </ItemGroup>
  <ItemGroup>
    <ClInclude Include="armory\Raven_Weapon.h">
      <Filter>Game\weapons &amp; projectiles\weapons</Filter>
    </ClInclude>
    <ClInclude Include="armory\Weapon_Blaster.h">
      <Filter>Game\weapons &amp; projectiles\weapons</Filter>
    </ClInclude>
    <ClInclude Include="armory\Weapon_RailGun.h">
      <Filter>Game\weapons &amp; projectiles\weapons</Filter>
    </ClInclude>
    <ClInclude Include="armory\Weapon_RocketLauncher.h">
      <Filter>Game\weapons &amp; projectiles\weapons</Filter>
    </ClInclude>
    <ClInclude Include="armory\Weapon_ShotGun.h">
      <Filter>Game\weapons &amp; projectiles\weapons</Filter>
    </ClInclude>
    <ClInclude Include="armory\Projectile_Bolt.h">
      <Filter>Game\weapons &amp; projectiles\projectiles</Filter>
    </ClInclude>
    <ClInclude Include="armory\Projectile_Pellet.h">
      <Filter>Game\weapons &amp; projectiles\projectiles</Filter>
    </ClInclude>
    <ClInclude Include="armory\Projectile_Rocket.h">
      <Filter>Game\weapons &amp; projectiles\projectiles</Filter>
    </ClInclude>
    <ClInclude Include="armory\Projectile_Slug.h">
      <Filter>Game\weapons &amp; projectiles\projectiles</Filter>
    </ClInclude>
    <ClInclude Include="armory\Raven_Projectile.h">
      <Filter>Game\weapons &amp; projectiles\projectiles</Filter>
    </ClInclude>
    <ClInclude Include="..\Common\Game\BaseGameEntity.h">
      <Filter>Game\Base entity classes</Filter>
    </ClInclude>
    <ClInclude Include="..\Common\Game\EntityFunctionTemplates.h">
      <Filter>Game\Base entity classes</Filter>
    </ClInclude>
    <ClInclude Include="..\Common\Game\MovingEntity.h">
      <Filter>Game\Base entity classes</Filter>
    </ClInclude>
    <ClInclude Include="lua\Raven_Scriptor.h">
      <Filter>Game\Script related\general</Filter>
    </ClInclude>
    <ClInclude Include="..\Common\script\Scriptor.h">
      <Filter>Game\Script related\general</Filter>
    </ClInclude>
    <ClInclude Include="..\Common\lua-5.0\include\lauxlib.h">
      <Filter>Game\Script related\lua headers</Filter>
    </ClInclude>
    <ClInclude Include="..\Common\lua-5.0\include\lua.h">
      <Filter>Game\Script related\lua headers</Filter>
    </ClInclude>
    <ClInclude Include="..\Common\lua-5.0\include\LuaHelperFunctions.h">
      <Filter>Game\Script related\lua headers</Filter>
    </ClInclude>
    <ClInclude Include="..\Common\lua-5.0\include\lualib.h">
      <Filter>Game\Script related\lua headers</Filter>
    </ClInclude>
    <ClInclude Include="constants.h">
      <Filter>Game\misc</Filter>
    </ClInclude>
    <ClInclude Include="..\Common\Game\EntityManager.h">
      <Filter>Game\misc</Filter>
    </ClInclude>
    <ClInclude Include="GraveMarkers.h">
      <Filter>Game\misc</Filter>
    </ClInclude>
    <ClInclude Include="Raven_Door.h">
      <Filter>Game\misc</Filter>
    </ClInclude>
    <ClInclude Include="Raven_ObjectEnumerations.h">
      <Filter>Game\misc</Filter>
    </ClInclude>
    <ClInclude Include="Raven_UserOptions.h">
      <Filter>Game\misc</Filter>
    </ClInclude>
    <ClInclude Include="Raven_Bot.h">
      <Filter>Game</Filter>
    </ClInclude>
    <ClInclude Include="Raven_Game.h">
      <Filter>Game</Filter>
    </ClInclude>
    <ClInclude Include="Raven_Map.h">
      <Filter>Game</Filter>
    </ClInclude>
    <ClInclude Include="resource.h">
      <Filter>Resource Files</Filter>
    </ClInclude>
    <ClInclude Include="goals\Goal_AdjustRange.h">
      <Filter>AI\goals\composite</Filter>
    </ClInclude>
    <ClInclude Include="goals\Goal_AttackTarget.h">
      <Filter>AI\goals\composite</Filter>
    </ClInclude>
    <ClInclude Include="..\Common\Goals\Goal_Composite.h">
      <Filter>AI\goals\composite</Filter>
    </ClInclude>
    <ClInclude Include="goals\Goal_Explore.h">
      <Filter>AI\goals\composite</Filter>
    </ClInclude>
    <ClInclude Include="goals\Goal_FollowPath.h">
      <Filter>AI\goals\composite</Filter>
    </ClInclude>
    <ClInclude Include="goals\Goal_GetItem.h">
      <Filter>AI\goals\composite</Filter>
    </ClInclude>
    <ClInclude Include="goals\Goal_HuntTarget.h">
      <Filter>AI\goals\composite</Filter>
    </ClInclude>
    <ClInclude Include="goals\Goal_MoveToPosition.h">
      <Filter>AI\goals\composite</Filter>
    </ClInclude>
    <ClInclude Include="goals\Goal_NegotiateDoor.h">
      <Filter>AI\goals\composite</Filter>
    </ClInclude>
    <ClInclude Include="goals\Goal_Think.h">
      <Filter>AI\goals\composite</Filter>
    </ClInclude>
    <ClInclude Include="goals\AttackTargetGoal_Evaluator.h">
      <Filter>AI\goals\goal evaluation</Filter>
    </ClInclude>
    <ClInclude Include="goals\ExploreGoal_Evaluator.h">
      <Filter>AI\goals\goal evaluation</Filter>
    </ClInclude>
    <ClInclude Include="goals\GetHealthGoal_Evaluator.h">
      <Filter>AI\goals\goal evaluation</Filter>
    </ClInclude>
    <ClInclude Include="goals\GetWeaponGoal_Evaluator.h">
      <Filter>AI\goals\goal evaluation</Filter>
    </ClInclude>
    <ClInclude Include="goals\Goal_Evaluator.h">
      <Filter>AI\goals\goal evaluation</Filter>
    </ClInclude>
    <ClInclude Include="goals\Raven_Feature.h">
      <Filter>AI\goals\goal evaluation</Filter>
    </ClInclude>
    <ClInclude Include="..\Common\Goals\Goal.h">
      <Filter>AI\goals\atomic</Filter>
    </ClInclude>
    <ClInclude Include="goals\Goal_DodgeSideToSide.h">
      <Filter>AI\goals\atomic</Filter>
    </ClInclude>
    <ClInclude Include="goals\Goal_SayPhrase.h">
      <Filter>AI\goals\atomic</Filter>
    </ClInclude>
    <ClInclude Include="goals\Goal_SeekToPosition.h">
      <Filter>AI\goals\atomic</Filter>
    </ClInclude>
    <ClInclude Include="goals\Goal_TraverseEdge.h">
      <Filter>AI\goals\atomic</Filter>
    </ClInclude>
    <ClInclude Include="goals\Goal_Wander.h">
      <Filter>AI\goals\atomic</Filter>
    </ClInclude>
    <ClInclude Include="goals\Raven_Goal_Types.h">
      <Filter>AI\goals</Filter>
    </ClInclude>
    <ClInclude Include="..\Common\fuzzy\FuzzySet.h">
      <Filter>AI\fuzzy logic\fuzzy set types</Filter>
    </ClInclude>
    <ClInclude Include="..\Common\fuzzy\FuzzySet_LeftShoulder.h">
      <Filter>AI\fuzzy logic\fuzzy set types</Filter>
    </ClInclude>
    <ClInclude Include="..\Common\fuzzy\FuzzySet_RightShoulder.h">
      <Filter>AI\fuzzy logic\fuzzy set types</Filter>
    </ClInclude>
    <ClInclude Include="..\Common\fuzzy\FuzzySet_Shoulder.h">
      <Filter>AI\fuzzy logic\fuzzy set types</Filter>
    </ClInclude>
    <ClInclude Include="..\Common\fuzzy\FuzzySet_Singleton.h">
      <Filter>AI\fuzzy logic\fuzzy set types</Filter>
    </ClInclude>
    <ClInclude Include="..\Common\fuzzy\FuzzySet_Triangle.h">
      <Filter>AI\fuzzy logic\fuzzy set types</Filter>
    </ClInclude>
    <ClInclude Include="..\Common\fuzzy\FuzzyHedges.h">
      <Filter>AI\fuzzy logic</Filter>
    </ClInclude>
    <ClInclude Include="..\Common\fuzzy\FuzzyModule.h">
      <Filter>AI\fuzzy logic</Filter>
    </ClInclude>
    <ClInclude Include="..\Common\fuzzy\FuzzyOperators.h">
      <Filter>AI\fuzzy logic</Filter>
    </ClInclude>
    <ClInclude Include="..\Common\fuzzy\FuzzyRule.h">
      <Filter>AI\fuzzy logic</Filter>
    </ClInclude>
    <ClInclude Include="..\Common\fuzzy\FuzzyTerm.h">
      <Filter>AI\fuzzy logic</Filter>
    </ClInclude>
    <ClInclude Include="..\Common\fuzzy\FuzzyVariable.h">
      <Filter>AI\fuzzy logic</Filter>
    </ClInclude>
    <ClInclude Include="..\Common\fuzzy\FzSet.h">
      <Filter>AI\fuzzy logic</Filter>
    </ClInclude>
    <ClInclude Include="..\Common\Graph\AStarHeuristicPolicies.h">
      <Filter>AI\Movement &amp; Navigation</Filter>
    </ClInclude>
    <ClInclude Include="..\Common\misc\CellSpacePartition.h">
      <Filter>AI\Movement &amp; Navigation</Filter>
    </ClInclude>
    <ClInclude Include="..\Common\Graph\GraphAlgorithms.h">
      <Filter>AI\Movement &amp; Navigation</Filter>
    </ClInclude>
    <ClInclude Include="..\Common\Graph\GraphEdgeTypes.h">
      <Filter>AI\Movement &amp; Navigation</Filter>
    </ClInclude>
    <ClInclude Include="..\Common\Graph\GraphNodeTypes.h">
      <Filter>AI\Movement &amp; Navigation</Filter>
    </ClInclude>
    <ClInclude Include="..\Common\Graph\HandyGraphFunctions.h">
      <Filter>AI\Movement &amp; Navigation</Filter>
    </ClInclude>
    <ClInclude Include="..\Common\Graph\NodeTypeEnumerations.h">
      <Filter>AI\Movement &amp; Navigation</Filter>
    </ClInclude>
    <ClInclude Include="navigation\PathEdge.h">
      <Filter>AI\Movement &amp; Navigation</Filter>
    </ClInclude>
    <ClInclude Include="navigation\PathManager.h">
      <Filter>AI\Movement &amp; Navigation</Filter>
    </ClInclude>
    <ClInclude Include="navigation\Raven_PathPlanner.h">
      <Filter>AI\Movement &amp; Navigation</Filter>
    </ClInclude>
    <ClInclude Include="Raven_SteeringBehaviors.h">
      <Filter>AI\Movement &amp; Navigation</Filter>
    </ClInclude>
    <ClInclude Include="navigation\SearchTerminationPolicies.h">
      <Filter>AI\Movement &amp; Navigation</Filter>
    </ClInclude>
    <ClInclude Include="..\Common\Graph\SparseGraph.h">
      <Filter>AI\Movement &amp; Navigation</Filter>
    </ClInclude>
    <ClInclude Include="navigation\TimeSlicedGraphAlgorithms.h">
      <Filter>AI\Movement &amp; Navigation</Filter>
    </ClInclude>
    <ClInclude Include="..\Common\Messaging\MessageDispatcher.h">
      <Filter>AI\Messaging</Filter>
    </ClInclude>
    <ClInclude Include="Raven_Messages.h">
      <Filter>AI\Messaging</Filter>
    </ClInclude>
    <ClInclude Include="..\Common\Messaging\Telegram.h">
      <Filter>AI\Messaging</Filter>
    </ClInclude>
    <ClInclude Include="Raven_SensoryMemory.h">
      <Filter>AI\Sensory Memory</Filter>
    </ClInclude>
    <ClInclude Include="..\Common\Triggers\Trigger.h">
      <Filter>AI\Triggers</Filter>
    </ClInclude>
    <ClInclude Include="triggers\Trigger_HealthGiver.h">
      <Filter>AI\Triggers</Filter>
    </ClInclude>
    <ClInclude Include="..\Common\Triggers\Trigger_LimitedLifeTime.h">
      <Filter>AI\Triggers</Filter>
    </ClInclude>
    <ClInclude Include="triggers\Trigger_OnButtonSendMsg.h">
      <Filter>AI\Triggers</Filter>
    </ClInclude>
    <ClInclude Include="..\Common\Triggers\Trigger_ReSpawning.h">
      <Filter>AI\Triggers</Filter>
    </ClInclude>
    <ClInclude Include="triggers\Trigger_SoundNotify.h">
      <Filter>AI\Triggers</Filter>
    </ClInclude>
    <ClInclude Include="triggers\Trigger_WeaponGiver.h">
      <Filter>AI\Triggers</Filter>
    </ClInclude>
    <ClInclude Include="..\Common\Triggers\TriggerRegion.h">
      <Filter>AI\Triggers</Filter>
    </ClInclude>
    <ClInclude Include="..\Common\Triggers\TriggerSystem.h">
      <Filter>AI\Triggers</Filter>
    </ClInclude>
    <ClInclude Include="Raven_WeaponSystem.h">
      <Filter>AI\Weapon Handling</Filter>
    </ClInclude>
    <ClInclude Include="Raven_TargetingSystem.h">
      <Filter>AI\Target Selection</Filter>
    </ClInclude>
    <ClInclude Include="..\Common\2D\C2DMatrix.h">
      <Filter>Common</Filter>
    </ClInclude>
    <ClInclude Include="..\Common\misc\Cgdi.h">
      <Filter>Common</Filter>
    </ClInclude>
    <ClInclude Include="..\Common\Time\CrudeTimer.h">
      <Filter>Common</Filter>
    </ClInclude>
    <ClInclude Include="..\Common\Debug\DebugConsole.h">
      <Filter>Common</Filter>
    </ClInclude>
    <ClInclude Include="..\Common\misc\FrameCounter.h">
      <Filter>Common</Filter>
    </ClInclude>
    <ClInclude Include="..\Common\2D\geometry.h">
      <Filter>Common</Filter>
    </ClInclude>
    <ClInclude Include="..\Common\2D\InvertedAABBox2D.h">
      <Filter>Common</Filter>
    </ClInclude>
    <ClInclude Include="..\Common\Time\PrecisionTimer.h">
      <Filter>Common</Filter>
    </ClInclude>
    <ClInclude Include="..\Common\misc\PriorityQueue.h">
      <Filter>Common</Filter>
    </ClInclude>
    <ClInclude Include="..\Common\PriorityQueue.h">
      <Filter>Common</Filter>
    </ClInclude>
    <ClInclude Include="..\Common\Time\Regulator.h">
      <Filter>Common</Filter>
    </ClInclude>
    <ClInclude Include="..\Common\misc\Stream_Utility_Functions.h">
      <Filter>Common</Filter>
    </ClInclude>
    <ClInclude Include="..\Common\2D\Transformations.h">
      <Filter>Common</Filter>
    </ClInclude>
    <ClInclude Include="..\Common\misc\utils.h">
      <Filter>Common</Filter>
    </ClInclude>
    <ClInclude Include="..\Common\2D\Vector2D.h">
      <Filter>Common</Filter>
    </ClInclude>
    <ClInclude Include="..\Common\2D\Wall2D.h">
      <Filter>Common</Filter>
    </ClInclude>
    <ClInclude Include="..\Common\2D\WallIntersectionTests.h">
      <Filter>Common</Filter>
    </ClInclude>
    <ClInclude Include="..\Common\misc\WindowUtils.h">
      <Filter>Common</Filter>
    </ClInclude>
    <ClInclude Include="Raven_Learning_Bot.h">
      <Filter>Game</Filter>
    </ClInclude>
    <ClInclude Include="navigation\Raven_ReinforcementPathPlanner.h">
      <Filter>AI\Movement &amp; Navigation</Filter>
    </ClInclude>
    <ClInclude Include="ReinforcementLearning.h">
      <Filter>Game</Filter>
    </ClInclude>
  </ItemGroup>
  <ItemGroup>
    <Text Include="note.txt">
      <Filter>Resource Files</Filter>
    </Text>
  </ItemGroup>
  <ItemGroup>
    <ResourceCompile Include="Script1.rc">
      <Filter>Resource Files</Filter>
    </ResourceCompile>
  </ItemGroup>
  <ItemGroup>
    <CustomBuild Include="Params.lua">
      <Filter>Game\Script related</Filter>
    </CustomBuild>
    <CustomBuild Include="maps\Raven_DM1.map">
      <Filter>Resource Files\maps</Filter>
    </CustomBuild>
    <CustomBuild Include="maps\Raven_DM1_Doors.map">
      <Filter>Resource Files\maps</Filter>
    </CustomBuild>
  </ItemGroup>
</Project>